<?xml version="1.0" encoding="utf-8"?>
<Project ToolsVersion="16.0" xmlns="http://schemas.microsoft.com/developer/msbuild/2003">
  <ItemGroup>
    <ClCompile Include="C:\Users\wangding1\Desktop\CGRA251_Framework_A2\base\work\ext\stb\stb.c">
      <Filter>Source Files</Filter>
    </ClCompile>
  </ItemGroup>
  <ItemGroup>
    <CustomBuild Include="C:\Users\wangding1\Desktop\CGRA251_Framework_A2\base\work\ext\stb\CMakeLists.txt" />
  </ItemGroup>
  <ItemGroup>
    <Filter Include="Source Files">
      <UniqueIdentifier>{1E520B19-F553-3498-82C7-184C891F8931}</UniqueIdentifier>
    </Filter>
  </ItemGroup>
</Project>
