
Microsoft Visual Studio Solution File, Format Version 12.00
# Visual Studio Version 16
Project("{2150E333-8FDC-42A3-9474-1A3956D46DE8}") = "CGRA", "CGRA", "{2FBE90AC-C26B-35F7-A515-52B5A31F0597}"
EndProject
Project("{2150E333-8FDC-42A3-9474-1A3956D46DE8}") = "CMakePredefinedTargets", "CMakePredefinedTargets", "{5FB7FC5D-3724-30EA-B4B8-49659C4B9811}"
EndProject
Project("{2150E333-8FDC-42A3-9474-1A3956D46DE8}") = "GLEW", "GLEW", "{21820D31-3B53-3343-8FB6-0B2735F13901}"
EndProject
Project("{2150E333-8FDC-42A3-9474-1A3956D46DE8}") = "GLFW3", "GLFW3", "{676F79A4-419B-3B4C-AD66-605D1DE02A06}"
EndProject
Project("{8BC9CEB8-8B4A-11D0-8D11-00A0C91BC942}") = "base", "src\base.vcxproj", "{5E428F43-5D8E-3F59-BE9C-D40081642CB3}"
	ProjectSection(ProjectDependencies) = postProject
		{37FF4D08-CF43-32D0-81FC-C73CCB368523} = {37FF4D08-CF43-32D0-81FC-C73CCB368523}
		{29D8F746-E9C4-3832-B5DD-697521529DA8} = {29D8F746-E9C4-3832-B5DD-697521529DA8}
		{60A411F3-FA4C-3237-A05F-09FF2FEF75A2} = {60A411F3-FA4C-3237-A05F-09FF2FEF75A2}
		{791B350F-78F3-30DD-8417-4463F914B11D} = {791B350F-78F3-30DD-8417-4463F914B11D}
		{AFB8BD25-EB8B-3781-B0C8-B3B7F257E2E4} = {AFB8BD25-EB8B-3781-B0C8-B3B7F257E2E4}
	EndProjectSection
EndProject
Project("{8BC9CEB8-8B4A-11D0-8D11-00A0C91BC942}") = "ALL_BUILD", "ALL_BUILD.vcxproj", "{A2467E82-B60E-3E65-89CA-DAB55D0104B7}"
	ProjectSection(ProjectDependencies) = postProject
		{37FF4D08-CF43-32D0-81FC-C73CCB368523} = {37FF4D08-CF43-32D0-81FC-C73CCB368523}
		{5E428F43-5D8E-3F59-BE9C-D40081642CB3} = {5E428F43-5D8E-3F59-BE9C-D40081642CB3}
		{29D8F746-E9C4-3832-B5DD-697521529DA8} = {29D8F746-E9C4-3832-B5DD-697521529DA8}
		{60A411F3-FA4C-3237-A05F-09FF2FEF75A2} = {60A411F3-FA4C-3237-A05F-09FF2FEF75A2}
		{62F0448C-93A1-3443-9F23-D229C705D2D1} = {62F0448C-93A1-3443-9F23-D229C705D2D1}
		{791B350F-78F3-30DD-8417-4463F914B11D} = {791B350F-78F3-30DD-8417-4463F914B11D}
		{AFB8BD25-EB8B-3781-B0C8-B3B7F257E2E4} = {AFB8BD25-EB8B-3781-B0C8-B3B7F257E2E4}
	EndProjectSection
EndProject
Project("{8BC9CEB8-8B4A-11D0-8D11-00A0C91BC942}") = "INSTALL", "INSTALL.vcxproj", "{00E59C28-54B1-3840-A13E-6B79E8962C17}"
	ProjectSection(ProjectDependencies) = postProject
		{A2467E82-B60E-3E65-89CA-DAB55D0104B7} = {A2467E82-B60E-3E65-89CA-DAB55D0104B7}
		{37FF4D08-CF43-32D0-81FC-C73CCB368523} = {37FF4D08-CF43-32D0-81FC-C73CCB368523}
	EndProjectSection
EndProject
Project("{8BC9CEB8-8B4A-11D0-8D11-00A0C91BC942}") = "ZERO_CHECK", "ZERO_CHECK.vcxproj", "{37FF4D08-CF43-32D0-81FC-C73CCB368523}"
	ProjectSection(ProjectDependencies) = postProject
	EndProjectSection
EndProject
Project("{8BC9CEB8-8B4A-11D0-8D11-00A0C91BC942}") = "glew", "ext\glew-1.10.0\glew.vcxproj", "{29D8F746-E9C4-3832-B5DD-697521529DA8}"
	ProjectSection(ProjectDependencies) = postProject
		{37FF4D08-CF43-32D0-81FC-C73CCB368523} = {37FF4D08-CF43-32D0-81FC-C73CCB368523}
	EndProjectSection
EndProject
Project("{8BC9CEB8-8B4A-11D0-8D11-00A0C91BC942}") = "glfw", "ext\glfw\src\glfw.vcxproj", "{60A411F3-FA4C-3237-A05F-09FF2FEF75A2}"
	ProjectSection(ProjectDependencies) = postProject
		{37FF4D08-CF43-32D0-81FC-C73CCB368523} = {37FF4D08-CF43-32D0-81FC-C73CCB368523}
	EndProjectSection
EndProject
Project("{8BC9CEB8-8B4A-11D0-8D11-00A0C91BC942}") = "glm_dummy", "ext\glm\glm_dummy.vcxproj", "{62F0448C-93A1-3443-9F23-D229C705D2D1}"
	ProjectSection(ProjectDependencies) = postProject
		{37FF4D08-CF43-32D0-81FC-C73CCB368523} = {37FF4D08-CF43-32D0-81FC-C73CCB368523}
	EndProjectSection
EndProject
Project("{8BC9CEB8-8B4A-11D0-8D11-00A0C91BC942}") = "imgui", "ext\imgui\imgui.vcxproj", "{791B350F-78F3-30DD-8417-4463F914B11D}"
	ProjectSection(ProjectDependencies) = postProject
		{37FF4D08-CF43-32D0-81FC-C73CCB368523} = {37FF4D08-CF43-32D0-81FC-C73CCB368523}
	EndProjectSection
EndProject
Project("{8BC9CEB8-8B4A-11D0-8D11-00A0C91BC942}") = "res", "res\res.vcxproj", "{D4B5DFB5-1BC9-3C28-B9EB-A82BAF3A8A54}"
	ProjectSection(ProjectDependencies) = postProject
		{37FF4D08-CF43-32D0-81FC-C73CCB368523} = {37FF4D08-CF43-32D0-81FC-C73CCB368523}
	EndProjectSection
EndProject
Project("{8BC9CEB8-8B4A-11D0-8D11-00A0C91BC942}") = "stb", "ext\stb\stb.vcxproj", "{AFB8BD25-EB8B-3781-B0C8-B3B7F257E2E4}"
	ProjectSection(ProjectDependencies) = postProject
		{37FF4D08-CF43-32D0-81FC-C73CCB368523} = {37FF4D08-CF43-32D0-81FC-C73CCB368523}
	EndProjectSection
EndProject
Project("{8BC9CEB8-8B4A-11D0-8D11-00A0C91BC942}") = "uninstall", "ext\glfw\uninstall.vcxproj", "{9E6922F1-006E-344F-83E9-26C497FEFE69}"
	ProjectSection(ProjectDependencies) = postProject
		{37FF4D08-CF43-32D0-81FC-C73CCB368523} = {37FF4D08-CF43-32D0-81FC-C73CCB368523}
	EndProjectSection
EndProject
Global
	GlobalSection(SolutionConfigurationPlatforms) = preSolution
		Debug|x64 = Debug|x64
		Release|x64 = Release|x64
		MinSizeRel|x64 = MinSizeRel|x64
		RelWithDebInfo|x64 = RelWithDebInfo|x64
	EndGlobalSection
	GlobalSection(ProjectConfigurationPlatforms) = postSolution
		{5E428F43-5D8E-3F59-BE9C-D40081642CB3}.Debug|x64.ActiveCfg = Debug|x64
		{5E428F43-5D8E-3F59-BE9C-D40081642CB3}.Debug|x64.Build.0 = Debug|x64
		{5E428F43-5D8E-3F59-BE9C-D40081642CB3}.Release|x64.ActiveCfg = Release|x64
		{5E428F43-5D8E-3F59-BE9C-D40081642CB3}.Release|x64.Build.0 = Release|x64
		{5E428F43-5D8E-3F59-BE9C-D40081642CB3}.MinSizeRel|x64.ActiveCfg = MinSizeRel|x64
		{5E428F43-5D8E-3F59-BE9C-D40081642CB3}.MinSizeRel|x64.Build.0 = MinSizeRel|x64
		{5E428F43-5D8E-3F59-BE9C-D40081642CB3}.RelWithDebInfo|x64.ActiveCfg = RelWithDebInfo|x64
		{5E428F43-5D8E-3F59-BE9C-D40081642CB3}.RelWithDebInfo|x64.Build.0 = RelWithDebInfo|x64
		{A2467E82-B60E-3E65-89CA-DAB55D0104B7}.Debug|x64.ActiveCfg = Debug|x64
		{A2467E82-B60E-3E65-89CA-DAB55D0104B7}.Debug|x64.Build.0 = Debug|x64
		{A2467E82-B60E-3E65-89CA-DAB55D0104B7}.Release|x64.ActiveCfg = Release|x64
		{A2467E82-B60E-3E65-89CA-DAB55D0104B7}.Release|x64.Build.0 = Release|x64
		{A2467E82-B60E-3E65-89CA-DAB55D0104B7}.MinSizeRel|x64.ActiveCfg = MinSizeRel|x64
		{A2467E82-B60E-3E65-89CA-DAB55D0104B7}.MinSizeRel|x64.Build.0 = MinSizeRel|x64
		{A2467E82-B60E-3E65-89CA-DAB55D0104B7}.RelWithDebInfo|x64.ActiveCfg = RelWithDebInfo|x64
		{A2467E82-B60E-3E65-89CA-DAB55D0104B7}.RelWithDebInfo|x64.Build.0 = RelWithDebInfo|x64
		{00E59C28-54B1-3840-A13E-6B79E8962C17}.Debug|x64.ActiveCfg = Debug|x64
		{00E59C28-54B1-3840-A13E-6B79E8962C17}.Release|x64.ActiveCfg = Release|x64
		{00E59C28-54B1-3840-A13E-6B79E8962C17}.MinSizeRel|x64.ActiveCfg = MinSizeRel|x64
		{00E59C28-54B1-3840-A13E-6B79E8962C17}.RelWithDebInfo|x64.ActiveCfg = RelWithDebInfo|x64
		{37FF4D08-CF43-32D0-81FC-C73CCB368523}.Debug|x64.ActiveCfg = Debug|x64
		{37FF4D08-CF43-32D0-81FC-C73CCB368523}.Debug|x64.Build.0 = Debug|x64
		{37FF4D08-CF43-32D0-81FC-C73CCB368523}.Release|x64.ActiveCfg = Release|x64
		{37FF4D08-CF43-32D0-81FC-C73CCB368523}.Release|x64.Build.0 = Release|x64
		{37FF4D08-CF43-32D0-81FC-C73CCB368523}.MinSizeRel|x64.ActiveCfg = MinSizeRel|x64
		{37FF4D08-CF43-32D0-81FC-C73CCB368523}.MinSizeRel|x64.Build.0 = MinSizeRel|x64
		{37FF4D08-CF43-32D0-81FC-C73CCB368523}.RelWithDebInfo|x64.ActiveCfg = RelWithDebInfo|x64
		{37FF4D08-CF43-32D0-81FC-C73CCB368523}.RelWithDebInfo|x64.Build.0 = RelWithDebInfo|x64
		{29D8F746-E9C4-3832-B5DD-697521529DA8}.Debug|x64.ActiveCfg = Debug|x64
		{29D8F746-E9C4-3832-B5DD-697521529DA8}.Debug|x64.Build.0 = Debug|x64
		{29D8F746-E9C4-3832-B5DD-697521529DA8}.Release|x64.ActiveCfg = Release|x64
		{29D8F746-E9C4-3832-B5DD-697521529DA8}.Release|x64.Build.0 = Release|x64
		{29D8F746-E9C4-3832-B5DD-697521529DA8}.MinSizeRel|x64.ActiveCfg = MinSizeRel|x64
		{29D8F746-E9C4-3832-B5DD-697521529DA8}.MinSizeRel|x64.Build.0 = MinSizeRel|x64
		{29D8F746-E9C4-3832-B5DD-697521529DA8}.RelWithDebInfo|x64.ActiveCfg = RelWithDebInfo|x64
		{29D8F746-E9C4-3832-B5DD-697521529DA8}.RelWithDebInfo|x64.Build.0 = RelWithDebInfo|x64
		{60A411F3-FA4C-3237-A05F-09FF2FEF75A2}.Debug|x64.ActiveCfg = Debug|x64
		{60A411F3-FA4C-3237-A05F-09FF2FEF75A2}.Debug|x64.Build.0 = Debug|x64
		{60A411F3-FA4C-3237-A05F-09FF2FEF75A2}.Release|x64.ActiveCfg = Release|x64
		{60A411F3-FA4C-3237-A05F-09FF2FEF75A2}.Release|x64.Build.0 = Release|x64
		{60A411F3-FA4C-3237-A05F-09FF2FEF75A2}.MinSizeRel|x64.ActiveCfg = MinSizeRel|x64
		{60A411F3-FA4C-3237-A05F-09FF2FEF75A2}.MinSizeRel|x64.Build.0 = MinSizeRel|x64
		{60A411F3-FA4C-3237-A05F-09FF2FEF75A2}.RelWithDebInfo|x64.ActiveCfg = RelWithDebInfo|x64
		{60A411F3-FA4C-3237-A05F-09FF2FEF75A2}.RelWithDebInfo|x64.Build.0 = RelWithDebInfo|x64
		{62F0448C-93A1-3443-9F23-D229C705D2D1}.Debug|x64.ActiveCfg = Debug|x64
		{62F0448C-93A1-3443-9F23-D229C705D2D1}.Debug|x64.Build.0 = Debug|x64
		{62F0448C-93A1-3443-9F23-D229C705D2D1}.Release|x64.ActiveCfg = Release|x64
		{62F0448C-93A1-3443-9F23-D229C705D2D1}.Release|x64.Build.0 = Release|x64
		{62F0448C-93A1-3443-9F23-D229C705D2D1}.MinSizeRel|x64.ActiveCfg = MinSizeRel|x64
		{62F0448C-93A1-3443-9F23-D229C705D2D1}.MinSizeRel|x64.Build.0 = MinSizeRel|x64
		{62F0448C-93A1-3443-9F23-D229C705D2D1}.RelWithDebInfo|x64.ActiveCfg = RelWithDebInfo|x64
		{62F0448C-93A1-3443-9F23-D229C705D2D1}.RelWithDebInfo|x64.Build.0 = RelWithDebInfo|x64
		{791B350F-78F3-30DD-8417-4463F914B11D}.Debug|x64.ActiveCfg = Debug|x64
		{791B350F-78F3-30DD-8417-4463F914B11D}.Debug|x64.Build.0 = Debug|x64
		{791B350F-78F3-30DD-8417-4463F914B11D}.Release|x64.ActiveCfg = Release|x64
		{791B350F-78F3-30DD-8417-4463F914B11D}.Release|x64.Build.0 = Release|x64
		{791B350F-78F3-30DD-8417-4463F914B11D}.MinSizeRel|x64.ActiveCfg = MinSizeRel|x64
		{791B350F-78F3-30DD-8417-4463F914B11D}.MinSizeRel|x64.Build.0 = MinSizeRel|x64
		{791B350F-78F3-30DD-8417-4463F914B11D}.RelWithDebInfo|x64.ActiveCfg = RelWithDebInfo|x64
		{791B350F-78F3-30DD-8417-4463F914B11D}.RelWithDebInfo|x64.Build.0 = RelWithDebInfo|x64
		{D4B5DFB5-1BC9-3C28-B9EB-A82BAF3A8A54}.Debug|x64.ActiveCfg = Debug|x64
		{D4B5DFB5-1BC9-3C28-B9EB-A82BAF3A8A54}.Release|x64.ActiveCfg = Release|x64
		{D4B5DFB5-1BC9-3C28-B9EB-A82BAF3A8A54}.MinSizeRel|x64.ActiveCfg = MinSizeRel|x64
		{D4B5DFB5-1BC9-3C28-B9EB-A82BAF3A8A54}.RelWithDebInfo|x64.ActiveCfg = RelWithDebInfo|x64
		{AFB8BD25-EB8B-3781-B0C8-B3B7F257E2E4}.Debug|x64.ActiveCfg = Debug|x64
		{AFB8BD25-EB8B-3781-B0C8-B3B7F257E2E4}.Debug|x64.Build.0 = Debug|x64
		{AFB8BD25-EB8B-3781-B0C8-B3B7F257E2E4}.Release|x64.ActiveCfg = Release|x64
		{AFB8BD25-EB8B-3781-B0C8-B3B7F257E2E4}.Release|x64.Build.0 = Release|x64
		{AFB8BD25-EB8B-3781-B0C8-B3B7F257E2E4}.MinSizeRel|x64.ActiveCfg = MinSizeRel|x64
		{AFB8BD25-EB8B-3781-B0C8-B3B7F257E2E4}.MinSizeRel|x64.Build.0 = MinSizeRel|x64
		{AFB8BD25-EB8B-3781-B0C8-B3B7F257E2E4}.RelWithDebInfo|x64.ActiveCfg = RelWithDebInfo|x64
		{AFB8BD25-EB8B-3781-B0C8-B3B7F257E2E4}.RelWithDebInfo|x64.Build.0 = RelWithDebInfo|x64
		{9E6922F1-006E-344F-83E9-26C497FEFE69}.Debug|x64.ActiveCfg = Debug|x64
		{9E6922F1-006E-344F-83E9-26C497FEFE69}.Release|x64.ActiveCfg = Release|x64
		{9E6922F1-006E-344F-83E9-26C497FEFE69}.MinSizeRel|x64.ActiveCfg = MinSizeRel|x64
		{9E6922F1-006E-344F-83E9-26C497FEFE69}.RelWithDebInfo|x64.ActiveCfg = RelWithDebInfo|x64
	EndGlobalSection
	GlobalSection(NestedProjects) = preSolution
		{5E428F43-5D8E-3F59-BE9C-D40081642CB3} = {2FBE90AC-C26B-35F7-A515-52B5A31F0597}
		{A2467E82-B60E-3E65-89CA-DAB55D0104B7} = {5FB7FC5D-3724-30EA-B4B8-49659C4B9811}
		{00E59C28-54B1-3840-A13E-6B79E8962C17} = {5FB7FC5D-3724-30EA-B4B8-49659C4B9811}
		{37FF4D08-CF43-32D0-81FC-C73CCB368523} = {5FB7FC5D-3724-30EA-B4B8-49659C4B9811}
		{29D8F746-E9C4-3832-B5DD-697521529DA8} = {21820D31-3B53-3343-8FB6-0B2735F13901}
		{60A411F3-FA4C-3237-A05F-09FF2FEF75A2} = {676F79A4-419B-3B4C-AD66-605D1DE02A06}
	EndGlobalSection
	GlobalSection(ExtensibilityGlobals) = postSolution
		SolutionGuid = {63D3346E-4EE2-3FF1-A4CF-5101F2B1077F}
	EndGlobalSection
	GlobalSection(ExtensibilityAddIns) = postSolution
	EndGlobalSection
EndGlobal
