
Microsoft Visual Studio Solution File, Format Version 12.00
# Visual Studio Version 16
Project("{2150E333-8FDC-42A3-9474-1A3956D46DE8}") = "CMakePredefinedTargets", "CMakePredefinedTargets", "{5FB7FC5D-3724-30EA-B4B8-49659C4B9811}"
EndProject
Project("{2150E333-8FDC-42A3-9474-1A3956D46DE8}") = "GLFW3", "GLFW3", "{676F79A4-419B-3B4C-AD66-605D1DE02A06}"
EndProject
Project("{8BC9CEB8-8B4A-11D0-8D11-00A0C91BC942}") = "ALL_BUILD", "ALL_BUILD.vcxproj", "{A2467E82-B60E-3E65-89CA-DAB55D0104B7}"
	ProjectSection(ProjectDependencies) = postProject
		{37FF4D08-CF43-32D0-81FC-C73CCB368523} = {37FF4D08-CF43-32D0-81FC-C73CCB368523}
		{60A411F3-FA4C-3237-A05F-09FF2FEF75A2} = {60A411F3-FA4C-3237-A05F-09FF2FEF75A2}
	EndProjectSection
EndProject
Project("{8BC9CEB8-8B4A-11D0-8D11-00A0C91BC942}") = "INSTALL", "INSTALL.vcxproj", "{00E59C28-54B1-3840-A13E-6B79E8962C17}"
	ProjectSection(ProjectDependencies) = postProject
		{A2467E82-B60E-3E65-89CA-DAB55D0104B7} = {A2467E82-B60E-3E65-89CA-DAB55D0104B7}
		{37FF4D08-CF43-32D0-81FC-C73CCB368523} = {37FF4D08-CF43-32D0-81FC-C73CCB368523}
	EndProjectSection
EndProject
Project("{8BC9CEB8-8B4A-11D0-8D11-00A0C91BC942}") = "ZERO_CHECK", "..\..\\ZERO_CHECK.vcxproj", "{37FF4D08-CF43-32D0-81FC-C73CCB368523}"
	ProjectSection(ProjectDependencies) = postProject
	EndProjectSection
EndProject
Project("{8BC9CEB8-8B4A-11D0-8D11-00A0C91BC942}") = "glfw", "src\glfw.vcxproj", "{60A411F3-FA4C-3237-A05F-09FF2FEF75A2}"
	ProjectSection(ProjectDependencies) = postProject
		{37FF4D08-CF43-32D0-81FC-C73CCB368523} = {37FF4D08-CF43-32D0-81FC-C73CCB368523}
	EndProjectSection
EndProject
Project("{8BC9CEB8-8B4A-11D0-8D11-00A0C91BC942}") = "uninstall", "uninstall.vcxproj", "{9E6922F1-006E-344F-83E9-26C497FEFE69}"
	ProjectSection(ProjectDependencies) = postProject
		{37FF4D08-CF43-32D0-81FC-C73CCB368523} = {37FF4D08-CF43-32D0-81FC-C73CCB368523}
	EndProjectSection
EndProject
Global
	GlobalSection(SolutionConfigurationPlatforms) = preSolution
		Debug|x64 = Debug|x64
		Release|x64 = Release|x64
		MinSizeRel|x64 = MinSizeRel|x64
		RelWithDebInfo|x64 = RelWithDebInfo|x64
	EndGlobalSection
	GlobalSection(ProjectConfigurationPlatforms) = postSolution
		{A2467E82-B60E-3E65-89CA-DAB55D0104B7}.Debug|x64.ActiveCfg = Debug|x64
		{A2467E82-B60E-3E65-89CA-DAB55D0104B7}.Debug|x64.Build.0 = Debug|x64
		{A2467E82-B60E-3E65-89CA-DAB55D0104B7}.Release|x64.ActiveCfg = Release|x64
		{A2467E82-B60E-3E65-89CA-DAB55D0104B7}.Release|x64.Build.0 = Release|x64
		{A2467E82-B60E-3E65-89CA-DAB55D0104B7}.MinSizeRel|x64.ActiveCfg = MinSizeRel|x64
		{A2467E82-B60E-3E65-89CA-DAB55D0104B7}.MinSizeRel|x64.Build.0 = MinSizeRel|x64
		{A2467E82-B60E-3E65-89CA-DAB55D0104B7}.RelWithDebInfo|x64.ActiveCfg = RelWithDebInfo|x64
		{A2467E82-B60E-3E65-89CA-DAB55D0104B7}.RelWithDebInfo|x64.Build.0 = RelWithDebInfo|x64
		{00E59C28-54B1-3840-A13E-6B79E8962C17}.Debug|x64.ActiveCfg = Debug|x64
		{00E59C28-54B1-3840-A13E-6B79E8962C17}.Release|x64.ActiveCfg = Release|x64
		{00E59C28-54B1-3840-A13E-6B79E8962C17}.MinSizeRel|x64.ActiveCfg = MinSizeRel|x64
		{00E59C28-54B1-3840-A13E-6B79E8962C17}.RelWithDebInfo|x64.ActiveCfg = RelWithDebInfo|x64
		{37FF4D08-CF43-32D0-81FC-C73CCB368523}.Debug|x64.ActiveCfg = Debug|x64
		{37FF4D08-CF43-32D0-81FC-C73CCB368523}.Debug|x64.Build.0 = Debug|x64
		{37FF4D08-CF43-32D0-81FC-C73CCB368523}.Release|x64.ActiveCfg = Release|x64
		{37FF4D08-CF43-32D0-81FC-C73CCB368523}.Release|x64.Build.0 = Release|x64
		{37FF4D08-CF43-32D0-81FC-C73CCB368523}.MinSizeRel|x64.ActiveCfg = MinSizeRel|x64
		{37FF4D08-CF43-32D0-81FC-C73CCB368523}.MinSizeRel|x64.Build.0 = MinSizeRel|x64
		{37FF4D08-CF43-32D0-81FC-C73CCB368523}.RelWithDebInfo|x64.ActiveCfg = RelWithDebInfo|x64
		{37FF4D08-CF43-32D0-81FC-C73CCB368523}.RelWithDebInfo|x64.Build.0 = RelWithDebInfo|x64
		{60A411F3-FA4C-3237-A05F-09FF2FEF75A2}.Debug|x64.ActiveCfg = Debug|x64
		{60A411F3-FA4C-3237-A05F-09FF2FEF75A2}.Debug|x64.Build.0 = Debug|x64
		{60A411F3-FA4C-3237-A05F-09FF2FEF75A2}.Release|x64.ActiveCfg = Release|x64
		{60A411F3-FA4C-3237-A05F-09FF2FEF75A2}.Release|x64.Build.0 = Release|x64
		{60A411F3-FA4C-3237-A05F-09FF2FEF75A2}.MinSizeRel|x64.ActiveCfg = MinSizeRel|x64
		{60A411F3-FA4C-3237-A05F-09FF2FEF75A2}.MinSizeRel|x64.Build.0 = MinSizeRel|x64
		{60A411F3-FA4C-3237-A05F-09FF2FEF75A2}.RelWithDebInfo|x64.ActiveCfg = RelWithDebInfo|x64
		{60A411F3-FA4C-3237-A05F-09FF2FEF75A2}.RelWithDebInfo|x64.Build.0 = RelWithDebInfo|x64
		{9E6922F1-006E-344F-83E9-26C497FEFE69}.Debug|x64.ActiveCfg = Debug|x64
		{9E6922F1-006E-344F-83E9-26C497FEFE69}.Release|x64.ActiveCfg = Release|x64
		{9E6922F1-006E-344F-83E9-26C497FEFE69}.MinSizeRel|x64.ActiveCfg = MinSizeRel|x64
		{9E6922F1-006E-344F-83E9-26C497FEFE69}.RelWithDebInfo|x64.ActiveCfg = RelWithDebInfo|x64
	EndGlobalSection
	GlobalSection(NestedProjects) = preSolution
		{A2467E82-B60E-3E65-89CA-DAB55D0104B7} = {5FB7FC5D-3724-30EA-B4B8-49659C4B9811}
		{00E59C28-54B1-3840-A13E-6B79E8962C17} = {5FB7FC5D-3724-30EA-B4B8-49659C4B9811}
		{37FF4D08-CF43-32D0-81FC-C73CCB368523} = {5FB7FC5D-3724-30EA-B4B8-49659C4B9811}
		{60A411F3-FA4C-3237-A05F-09FF2FEF75A2} = {676F79A4-419B-3B4C-AD66-605D1DE02A06}
	EndGlobalSection
	GlobalSection(ExtensibilityGlobals) = postSolution
		SolutionGuid = {2E562477-460C-3747-B0D0-7671F235A101}
	EndGlobalSection
	GlobalSection(ExtensibilityAddIns) = postSolution
	EndGlobalSection
EndGlobal
