<?xml version="1.0" encoding="utf-8"?>
<Project ToolsVersion="16.0" xmlns="http://schemas.microsoft.com/developer/msbuild/2003">
  <ItemGroup>
    <CustomBuild Include="C:\Users\wangding1\Desktop\CGRA251_Framework_A2\base\build\CMakeFiles\20af41876f31db90dcf8864b017b8c3c\uninstall.rule">
      <Filter>CMake Rules</Filter>
    </CustomBuild>
    <CustomBuild Include="C:\Users\wangding1\Desktop\CGRA251_Framework_A2\base\work\ext\glfw\CMakeLists.txt" />
  </ItemGroup>
  <ItemGroup>
    <None Include="C:\Users\wangding1\Desktop\CGRA251_Framework_A2\base\build\ext\glfw\CMakeFiles\uninstall" />
  </ItemGroup>
  <ItemGroup>
    <Filter Include="CMake Rules">
      <UniqueIdentifier>{6327CAC4-1A6D-3138-B948-02F1AD266182}</UniqueIdentifier>
    </Filter>
  </ItemGroup>
</Project>
