<?xml version="1.0" encoding="utf-8"?>
<Project ToolsVersion="16.0" xmlns="http://schemas.microsoft.com/developer/msbuild/2003">
  <ItemGroup>
    <ClCompile Include="C:\Users\wangding1\Desktop\CGRA251_Framework_A2\base\work\ext\imgui\imgui.cpp">
      <Filter>Source Files</Filter>
    </ClCompile>
    <ClCompile Include="C:\Users\wangding1\Desktop\CGRA251_Framework_A2\base\work\ext\imgui\imgui_demo.cpp">
      <Filter>Source Files</Filter>
    </ClCompile>
    <ClCompile Include="C:\Users\wangding1\Desktop\CGRA251_Framework_A2\base\work\ext\imgui\imgui_draw.cpp">
      <Filter>Source Files</Filter>
    </ClCompile>
  </ItemGroup>
  <ItemGroup>
    <ClInclude Include="C:\Users\wangding1\Desktop\CGRA251_Framework_A2\base\work\ext\imgui\imconfig.h">
      <Filter>Header Files</Filter>
    </ClInclude>
    <ClInclude Include="C:\Users\wangding1\Desktop\CGRA251_Framework_A2\base\work\ext\imgui\imgui.h">
      <Filter>Header Files</Filter>
    </ClInclude>
    <ClInclude Include="C:\Users\wangding1\Desktop\CGRA251_Framework_A2\base\work\ext\imgui\imgui_internal.h">
      <Filter>Header Files</Filter>
    </ClInclude>
  </ItemGroup>
  <ItemGroup>
    <CustomBuild Include="C:\Users\wangding1\Desktop\CGRA251_Framework_A2\base\work\ext\imgui\CMakeLists.txt" />
  </ItemGroup>
  <ItemGroup>
    <Filter Include="Header Files">
      <UniqueIdentifier>{62BC6BFB-ED00-38AA-8CCE-4557F842F7CC}</UniqueIdentifier>
    </Filter>
    <Filter Include="Source Files">
      <UniqueIdentifier>{1E520B19-F553-3498-82C7-184C891F8931}</UniqueIdentifier>
    </Filter>
  </ItemGroup>
</Project>
